
Microsoft Visual Studio Solution File, Format Version 12.00
# Visual Studio Version 16
VisualStudioVersion = 16.0.31613.86
MinimumVisualStudioVersion = 10.0.40219.1
Project("{FAE04EC0-301F-11D3-BF4B-00C04F79EFBC}") = "EjemploConsolaNetFramework", "EjemploConsolaNetFramework\EjemploConsolaNetFramework.csproj", "{98CD9177-F318-44FA-BAF5-EB49E9E5AAB5}"
EndProject
Project("{9A19103F-16F7-4668-BE54-9A1E7A4F7556}") = "ProyectoPruebaCSharp2", "ProyectoPruebaCSharp2\ProyectoPruebaCSharp2.csproj", "{522C4214-C4F6-49BC-A8C0-9063B9801F74}"
EndProject
Project("{FAE04EC0-301F-11D3-BF4B-00C04F79EFBC}") = "CursoCSharp_3_nomenclatura", "CursoCSharp_3_nomenclatura\CursoCSharp_3_nomenclatura.csproj", "{17A53D3C-D6F2-4E3E-8A10-4C4953051F03}"
EndProject
Project("{FAE04EC0-301F-11D3-BF4B-00C04F79EFBC}") = "CursoCSharp_4_Constantes", "CursoCSharp_4_Constantes\CursoCSharp_4_Constantes.csproj", "{73AF0988-A3E2-4BD4-97BD-9F0CA1594059}"
EndProject
Project("{FAE04EC0-301F-11D3-BF4B-00C04F79EFBC}") = "CursoCSharp_5_if_else", "CursoCSharp_5_if_else\CursoCSharp_5_if_else.csproj", "{9F94B67B-C205-43B0-ABD7-5F27AEC8AFC8}"
EndProject
Global
	GlobalSection(SolutionConfigurationPlatforms) = preSolution
		Debug|Any CPU = Debug|Any CPU
		Release|Any CPU = Release|Any CPU
	EndGlobalSection
	GlobalSection(ProjectConfigurationPlatforms) = postSolution
		{98CD9177-F318-44FA-BAF5-EB49E9E5AAB5}.Debug|Any CPU.ActiveCfg = Debug|Any CPU
		{98CD9177-F318-44FA-BAF5-EB49E9E5AAB5}.Debug|Any CPU.Build.0 = Debug|Any CPU
		{98CD9177-F318-44FA-BAF5-EB49E9E5AAB5}.Release|Any CPU.ActiveCfg = Release|Any CPU
		{98CD9177-F318-44FA-BAF5-EB49E9E5AAB5}.Release|Any CPU.Build.0 = Release|Any CPU
		{522C4214-C4F6-49BC-A8C0-9063B9801F74}.Debug|Any CPU.ActiveCfg = Debug|Any CPU
		{522C4214-C4F6-49BC-A8C0-9063B9801F74}.Debug|Any CPU.Build.0 = Debug|Any CPU
		{522C4214-C4F6-49BC-A8C0-9063B9801F74}.Release|Any CPU.ActiveCfg = Release|Any CPU
		{522C4214-C4F6-49BC-A8C0-9063B9801F74}.Release|Any CPU.Build.0 = Release|Any CPU
		{17A53D3C-D6F2-4E3E-8A10-4C4953051F03}.Debug|Any CPU.ActiveCfg = Debug|Any CPU
		{17A53D3C-D6F2-4E3E-8A10-4C4953051F03}.Debug|Any CPU.Build.0 = Debug|Any CPU
		{17A53D3C-D6F2-4E3E-8A10-4C4953051F03}.Release|Any CPU.ActiveCfg = Release|Any CPU
		{17A53D3C-D6F2-4E3E-8A10-4C4953051F03}.Release|Any CPU.Build.0 = Release|Any CPU
		{73AF0988-A3E2-4BD4-97BD-9F0CA1594059}.Debug|Any CPU.ActiveCfg = Debug|Any CPU
		{73AF0988-A3E2-4BD4-97BD-9F0CA1594059}.Debug|Any CPU.Build.0 = Debug|Any CPU
		{73AF0988-A3E2-4BD4-97BD-9F0CA1594059}.Release|Any CPU.ActiveCfg = Release|Any CPU
		{73AF0988-A3E2-4BD4-97BD-9F0CA1594059}.Release|Any CPU.Build.0 = Release|Any CPU
		{9F94B67B-C205-43B0-ABD7-5F27AEC8AFC8}.Debug|Any CPU.ActiveCfg = Debug|Any CPU
		{9F94B67B-C205-43B0-ABD7-5F27AEC8AFC8}.Debug|Any CPU.Build.0 = Debug|Any CPU
		{9F94B67B-C205-43B0-ABD7-5F27AEC8AFC8}.Release|Any CPU.ActiveCfg = Release|Any CPU
		{9F94B67B-C205-43B0-ABD7-5F27AEC8AFC8}.Release|Any CPU.Build.0 = Release|Any CPU
	EndGlobalSection
	GlobalSection(SolutionProperties) = preSolution
		HideSolutionNode = FALSE
	EndGlobalSection
	GlobalSection(ExtensibilityGlobals) = postSolution
		SolutionGuid = {3E195D17-00A5-4728-8476-F96396628D05}
	EndGlobalSection
EndGlobal
